// !$*UTF8*$!
{
	archiveVersion = 1;
	classes = {
	};
	objectVersion = 46;
	objects = {

/* Begin PBXBuildFile section */
		9048EC3816C2674A0098E81D /* CardMatchingGame.m in Sources */ = {isa = PBXBuildFile; fileRef = 9048EC3716C2674A0098E81D /* CardMatchingGame.m */; };
		9048EC3D16C2AD000098E81D /* playingCardBack.jpg in Resources */ = {isa = PBXBuildFile; fileRef = 9048EC3B16C2AD000098E81D /* playingCardBack.jpg */; };
		9048EC3E16C2AD000098E81D /* playingCardFront.jpg in Resources */ = {isa = PBXBuildFile; fileRef = 9048EC3C16C2AD000098E81D /* playingCardFront.jpg */; };
		90B5099A16B8090900CD9419 /* UIKit.framework in Frameworks */ = {isa = PBXBuildFile; fileRef = 90B5099916B8090900CD9419 /* UIKit.framework */; };
		90B5099C16B8090900CD9419 /* Foundation.framework in Frameworks */ = {isa = PBXBuildFile; fileRef = 90B5099B16B8090900CD9419 /* Foundation.framework */; };
		90B5099E16B8090900CD9419 /* CoreGraphics.framework in Frameworks */ = {isa = PBXBuildFile; fileRef = 90B5099D16B8090900CD9419 /* CoreGraphics.framework */; };
		90B509A416B8090900CD9419 /* InfoPlist.strings in Resources */ = {isa = PBXBuildFile; fileRef = 90B509A216B8090900CD9419 /* InfoPlist.strings */; };
		90B509A616B8090900CD9419 /* main.m in Sources */ = {isa = PBXBuildFile; fileRef = 90B509A516B8090900CD9419 /* main.m */; };
		90B509AA16B8090900CD9419 /* CardGameAppDelegate.m in Sources */ = {isa = PBXBuildFile; fileRef = 90B509A916B8090900CD9419 /* CardGameAppDelegate.m */; };
		90B509AC16B8090900CD9419 /* Default.png in Resources */ = {isa = PBXBuildFile; fileRef = 90B509AB16B8090900CD9419 /* Default.png */; };
		90B509AE16B8090900CD9419 /* Default@2x.png in Resources */ = {isa = PBXBuildFile; fileRef = 90B509AD16B8090900CD9419 /* Default@2x.png */; };
		90B509B016B8090900CD9419 /* Default-568h@2x.png in Resources */ = {isa = PBXBuildFile; fileRef = 90B509AF16B8090900CD9419 /* Default-568h@2x.png */; };
		90B509B316B8090900CD9419 /* MainStoryboard.storyboard in Resources */ = {isa = PBXBuildFile; fileRef = 90B509B116B8090900CD9419 /* MainStoryboard.storyboard */; };
		90B509B616B8090900CD9419 /* CardGameViewController.m in Sources */ = {isa = PBXBuildFile; fileRef = 90B509B516B8090900CD9419 /* CardGameViewController.m */; };
		90B509BE16B8151F00CD9419 /* Card.m in Sources */ = {isa = PBXBuildFile; fileRef = 90B509BD16B8151F00CD9419 /* Card.m */; };
		90B509C116B8159500CD9419 /* Deck.m in Sources */ = {isa = PBXBuildFile; fileRef = 90B509C016B8159500CD9419 /* Deck.m */; };
		90B509C516B823B200CD9419 /* PlayingCard.m in Sources */ = {isa = PBXBuildFile; fileRef = 90B509C416B823B200CD9419 /* PlayingCard.m */; };
		90B509C816B828A000CD9419 /* PlayingCardDeck.m in Sources */ = {isa = PBXBuildFile; fileRef = 90B509C716B828A000CD9419 /* PlayingCardDeck.m */; };
/* End PBXBuildFile section */

/* Begin PBXFileReference section */
		9048EC3616C2674A0098E81D /* CardMatchingGame.h */ = {isa = PBXFileReference; fileEncoding = 4; lastKnownFileType = sourcecode.c.h; name = CardMatchingGame.h; path = Model/CardMatchingGame.h; sourceTree = "<group>"; };
		9048EC3716C2674A0098E81D /* CardMatchingGame.m */ = {isa = PBXFileReference; fileEncoding = 4; lastKnownFileType = sourcecode.c.objc; name = CardMatchingGame.m; path = Model/CardMatchingGame.m; sourceTree = "<group>"; };
		9048EC3B16C2AD000098E81D /* playingCardBack.jpg */ = {isa = PBXFileReference; lastKnownFileType = image.jpeg; path = playingCardBack.jpg; sourceTree = "<group>"; };
		9048EC3C16C2AD000098E81D /* playingCardFront.jpg */ = {isa = PBXFileReference; lastKnownFileType = image.jpeg; path = playingCardFront.jpg; sourceTree = "<group>"; };
		90B5099616B8090900CD9419 /* Matchismo.app */ = {isa = PBXFileReference; explicitFileType = wrapper.application; includeInIndex = 0; path = Matchismo.app; sourceTree = BUILT_PRODUCTS_DIR; };
		90B5099916B8090900CD9419 /* UIKit.framework */ = {isa = PBXFileReference; lastKnownFileType = wrapper.framework; name = UIKit.framework; path = System/Library/Frameworks/UIKit.framework; sourceTree = SDKROOT; };
		90B5099B16B8090900CD9419 /* Foundation.framework */ = {isa = PBXFileReference; lastKnownFileType = wrapper.framework; name = Foundation.framework; path = System/Library/Frameworks/Foundation.framework; sourceTree = SDKROOT; };
		90B5099D16B8090900CD9419 /* CoreGraphics.framework */ = {isa = PBXFileReference; lastKnownFileType = wrapper.framework; name = CoreGraphics.framework; path = System/Library/Frameworks/CoreGraphics.framework; sourceTree = SDKROOT; };
		90B509A116B8090900CD9419 /* Matchismo-Info.plist */ = {isa = PBXFileReference; lastKnownFileType = text.plist.xml; path = "Matchismo-Info.plist"; sourceTree = "<group>"; };
		90B509A316B8090900CD9419 /* en */ = {isa = PBXFileReference; lastKnownFileType = text.plist.strings; name = en; path = en.lproj/InfoPlist.strings; sourceTree = "<group>"; };
		90B509A516B8090900CD9419 /* main.m */ = {isa = PBXFileReference; lastKnownFileType = sourcecode.c.objc; path = main.m; sourceTree = "<group>"; };
		90B509A716B8090900CD9419 /* Matchismo-Prefix.pch */ = {isa = PBXFileReference; lastKnownFileType = sourcecode.c.h; path = "Matchismo-Prefix.pch"; sourceTree = "<group>"; };
		90B509A816B8090900CD9419 /* CardGameAppDelegate.h */ = {isa = PBXFileReference; lastKnownFileType = sourcecode.c.h; path = CardGameAppDelegate.h; sourceTree = "<group>"; };
		90B509A916B8090900CD9419 /* CardGameAppDelegate.m */ = {isa = PBXFileReference; lastKnownFileType = sourcecode.c.objc; path = CardGameAppDelegate.m; sourceTree = "<group>"; };
		90B509AB16B8090900CD9419 /* Default.png */ = {isa = PBXFileReference; lastKnownFileType = image.png; path = Default.png; sourceTree = "<group>"; };
		90B509AD16B8090900CD9419 /* Default@2x.png */ = {isa = PBXFileReference; lastKnownFileType = image.png; path = "Default@2x.png"; sourceTree = "<group>"; };
		90B509AF16B8090900CD9419 /* Default-568h@2x.png */ = {isa = PBXFileReference; lastKnownFileType = image.png; path = "Default-568h@2x.png"; sourceTree = "<group>"; };
		90B509B216B8090900CD9419 /* en */ = {isa = PBXFileReference; lastKnownFileType = file.storyboard; name = en; path = en.lproj/MainStoryboard.storyboard; sourceTree = "<group>"; };
		90B509B416B8090900CD9419 /* CardGameViewController.h */ = {isa = PBXFileReference; lastKnownFileType = sourcecode.c.h; path = CardGameViewController.h; sourceTree = "<group>"; };
		90B509B516B8090900CD9419 /* CardGameViewController.m */ = {isa = PBXFileReference; lastKnownFileType = sourcecode.c.objc; path = CardGameViewController.m; sourceTree = "<group>"; };
		90B509BC16B8151F00CD9419 /* Card.h */ = {isa = PBXFileReference; fileEncoding = 4; lastKnownFileType = sourcecode.c.h; name = Card.h; path = Model/Card.h; sourceTree = "<group>"; };
		90B509BD16B8151F00CD9419 /* Card.m */ = {isa = PBXFileReference; fileEncoding = 4; lastKnownFileType = sourcecode.c.objc; name = Card.m; path = Model/Card.m; sourceTree = "<group>"; };
		90B509BF16B8159500CD9419 /* Deck.h */ = {isa = PBXFileReference; fileEncoding = 4; lastKnownFileType = sourcecode.c.h; name = Deck.h; path = Model/Deck.h; sourceTree = "<group>"; };
		90B509C016B8159500CD9419 /* Deck.m */ = {isa = PBXFileReference; fileEncoding = 4; lastKnownFileType = sourcecode.c.objc; name = Deck.m; path = Model/Deck.m; sourceTree = "<group>"; };
		90B509C316B823B200CD9419 /* PlayingCard.h */ = {isa = PBXFileReference; fileEncoding = 4; lastKnownFileType = sourcecode.c.h; name = PlayingCard.h; path = Model/PlayingCard.h; sourceTree = "<group>"; };
		90B509C416B823B200CD9419 /* PlayingCard.m */ = {isa = PBXFileReference; fileEncoding = 4; lastKnownFileType = sourcecode.c.objc; name = PlayingCard.m; path = Model/PlayingCard.m; sourceTree = "<group>"; };
		90B509C616B828A000CD9419 /* PlayingCardDeck.h */ = {isa = PBXFileReference; fileEncoding = 4; lastKnownFileType = sourcecode.c.h; name = PlayingCardDeck.h; path = Model/PlayingCardDeck.h; sourceTree = "<group>"; };
		90B509C716B828A000CD9419 /* PlayingCardDeck.m */ = {isa = PBXFileReference; fileEncoding = 4; lastKnownFileType = sourcecode.c.objc; name = PlayingCardDeck.m; path = Model/PlayingCardDeck.m; sourceTree = "<group>"; };
/* End PBXFileReference section */

/* Begin PBXFrameworksBuildPhase section */
		90B5099316B8090900CD9419 /* Frameworks */ = {
			isa = PBXFrameworksBuildPhase;
			buildActionMask = 2147483647;
			files = (
				90B5099A16B8090900CD9419 /* UIKit.framework in Frameworks */,
				90B5099C16B8090900CD9419 /* Foundation.framework in Frameworks */,
				90B5099E16B8090900CD9419 /* CoreGraphics.framework in Frameworks */,
			);
			runOnlyForDeploymentPostprocessing = 0;
		};
/* End PBXFrameworksBuildPhase section */

/* Begin PBXGroup section */
		9048EC3F16C2AD510098E81D /* images */ = {
			isa = PBXGroup;
			children = (
				9048EC3B16C2AD000098E81D /* playingCardBack.jpg */,
				9048EC3C16C2AD000098E81D /* playingCardFront.jpg */,
			);
			name = images;
			sourceTree = "<group>";
		};
		90B5098D16B8090900CD9419 = {
			isa = PBXGroup;
			children = (
				90B5099F16B8090900CD9419 /* Matchismo */,
				90B5099816B8090900CD9419 /* Frameworks */,
				90B5099716B8090900CD9419 /* Products */,
			);
			sourceTree = "<group>";
		};
		90B5099716B8090900CD9419 /* Products */ = {
			isa = PBXGroup;
			children = (
				90B5099616B8090900CD9419 /* Matchismo.app */,
			);
			name = Products;
			sourceTree = "<group>";
		};
		90B5099816B8090900CD9419 /* Frameworks */ = {
			isa = PBXGroup;
			children = (
				90B5099916B8090900CD9419 /* UIKit.framework */,
				90B5099B16B8090900CD9419 /* Foundation.framework */,
				90B5099D16B8090900CD9419 /* CoreGraphics.framework */,
			);
			name = Frameworks;
			sourceTree = "<group>";
		};
		90B5099F16B8090900CD9419 /* Matchismo */ = {
			isa = PBXGroup;
			children = (
				90B509B116B8090900CD9419 /* MainStoryboard.storyboard */,
				90B509B416B8090900CD9419 /* CardGameViewController.h */,
				90B509B516B8090900CD9419 /* CardGameViewController.m */,
				90B509C216B815A700CD9419 /* Model */,
				90B509A016B8090900CD9419 /* Supporting Files */,
			);
			path = Matchismo;
			sourceTree = "<group>";
		};
		90B509A016B8090900CD9419 /* Supporting Files */ = {
			isa = PBXGroup;
			children = (
				9048EC3F16C2AD510098E81D /* images */,
				90B509A816B8090900CD9419 /* CardGameAppDelegate.h */,
				90B509A916B8090900CD9419 /* CardGameAppDelegate.m */,
				90B509A116B8090900CD9419 /* Matchismo-Info.plist */,
				90B509A216B8090900CD9419 /* InfoPlist.strings */,
				90B509A516B8090900CD9419 /* main.m */,
				90B509A716B8090900CD9419 /* Matchismo-Prefix.pch */,
				90B509AB16B8090900CD9419 /* Default.png */,
				90B509AD16B8090900CD9419 /* Default@2x.png */,
				90B509AF16B8090900CD9419 /* Default-568h@2x.png */,
			);
			name = "Supporting Files";
			sourceTree = "<group>";
		};
		90B509C216B815A700CD9419 /* Model */ = {
			isa = PBXGroup;
			children = (
				9048EC3616C2674A0098E81D /* CardMatchingGame.h */,
				9048EC3716C2674A0098E81D /* CardMatchingGame.m */,
				90B509BC16B8151F00CD9419 /* Card.h */,
				90B509BD16B8151F00CD9419 /* Card.m */,
				90B509BF16B8159500CD9419 /* Deck.h */,
				90B509C016B8159500CD9419 /* Deck.m */,
				90B509C316B823B200CD9419 /* PlayingCard.h */,
				90B509C416B823B200CD9419 /* PlayingCard.m */,
				90B509C616B828A000CD9419 /* PlayingCardDeck.h */,
				90B509C716B828A000CD9419 /* PlayingCardDeck.m */,
			);
			name = Model;
			sourceTree = "<group>";
		};
/* End PBXGroup section */

/* Begin PBXNativeTarget section */
		90B5099516B8090900CD9419 /* Matchismo */ = {
			isa = PBXNativeTarget;
			buildConfigurationList = 90B509B916B8090900CD9419 /* Build configuration list for PBXNativeTarget "Matchismo" */;
			buildPhases = (
				90B5099216B8090900CD9419 /* Sources */,
				90B5099316B8090900CD9419 /* Frameworks */,
				90B5099416B8090900CD9419 /* Resources */,
			);
			buildRules = (
			);
			dependencies = (
			);
			name = Matchismo;
			productName = Matchismo;
			productReference = 90B5099616B8090900CD9419 /* Matchismo.app */;
			productType = "com.apple.product-type.application";
		};
/* End PBXNativeTarget section */

/* Begin PBXProject section */
		90B5098E16B8090900CD9419 /* Project object */ = {
			isa = PBXProject;
			attributes = {
				CLASSPREFIX = CardGame;
				LastUpgradeCheck = 0460;
				ORGANIZATIONNAME = MyCompany;
			};
			buildConfigurationList = 90B5099116B8090900CD9419 /* Build configuration list for PBXProject "Matchismo" */;
			compatibilityVersion = "Xcode 3.2";
			developmentRegion = English;
			hasScannedForEncodings = 0;
			knownRegions = (
				en,
			);
			mainGroup = 90B5098D16B8090900CD9419;
			productRefGroup = 90B5099716B8090900CD9419 /* Products */;
			projectDirPath = "";
			projectRoot = "";
			targets = (
				90B5099516B8090900CD9419 /* Matchismo */,
			);
		};
/* End PBXProject section */

/* Begin PBXResourcesBuildPhase section */
		90B5099416B8090900CD9419 /* Resources */ = {
			isa = PBXResourcesBuildPhase;
			buildActionMask = 2147483647;
			files = (
				90B509A416B8090900CD9419 /* InfoPlist.strings in Resources */,
				90B509AC16B8090900CD9419 /* Default.png in Resources */,
				90B509AE16B8090900CD9419 /* Default@2x.png in Resources */,
				90B509B016B8090900CD9419 /* Default-568h@2x.png in Resources */,
				90B509B316B8090900CD9419 /* MainStoryboard.storyboard in Resources */,
				9048EC3D16C2AD000098E81D /* playingCardBack.jpg in Resources */,
				9048EC3E16C2AD000098E81D /* playingCardFront.jpg in Resources */,
			);
			runOnlyForDeploymentPostprocessing = 0;
		};
/* End PBXResourcesBuildPhase section */

/* Begin PBXSourcesBuildPhase section */
		90B5099216B8090900CD9419 /* Sources */ = {
			isa = PBXSourcesBuildPhase;
			buildActionMask = 2147483647;
			files = (
				90B509A616B8090900CD9419 /* main.m in Sources */,
				90B509AA16B8090900CD9419 /* CardGameAppDelegate.m in Sources */,
				90B509B616B8090900CD9419 /* CardGameViewController.m in Sources */,
				90B509BE16B8151F00CD9419 /* Card.m in Sources */,
				90B509C116B8159500CD9419 /* Deck.m in Sources */,
				90B509C516B823B200CD9419 /* PlayingCard.m in Sources */,
				90B509C816B828A000CD9419 /* PlayingCardDeck.m in Sources */,
				9048EC3816C2674A0098E81D /* CardMatchingGame.m in Sources */,
			);
			runOnlyForDeploymentPostprocessing = 0;
		};
/* End PBXSourcesBuildPhase section */

/* Begin PBXVariantGroup section */
		90B509A216B8090900CD9419 /* InfoPlist.strings */ = {
			isa = PBXVariantGroup;
			children = (
				90B509A316B8090900CD9419 /* en */,
			);
			name = InfoPlist.strings;
			sourceTree = "<group>";
		};
		90B509B116B8090900CD9419 /* MainStoryboard.storyboard */ = {
			isa = PBXVariantGroup;
			children = (
				90B509B216B8090900CD9419 /* en */,
			);
			name = MainStoryboard.storyboard;
			sourceTree = "<group>";
		};
/* End PBXVariantGroup section */

/* Begin XCBuildConfiguration section */
		90B509B716B8090900CD9419 /* Debug */ = {
			isa = XCBuildConfiguration;
			buildSettings = {
				ALWAYS_SEARCH_USER_PATHS = NO;
				CLANG_CXX_LANGUAGE_STANDARD = "gnu++0x";
				CLANG_CXX_LIBRARY = "libc++";
				CLANG_ENABLE_OBJC_ARC = YES;
				CLANG_WARN_CONSTANT_CONVERSION = YES;
				CLANG_WARN_EMPTY_BODY = YES;
				CLANG_WARN_ENUM_CONVERSION = YES;
				CLANG_WARN_INT_CONVERSION = YES;
				CLANG_WARN__DUPLICATE_METHOD_MATCH = YES;
				"CODE_SIGN_IDENTITY[sdk=iphoneos*]" = "iPhone Developer";
				COPY_PHASE_STRIP = NO;
				GCC_C_LANGUAGE_STANDARD = gnu99;
				GCC_DYNAMIC_NO_PIC = NO;
				GCC_OPTIMIZATION_LEVEL = 0;
				GCC_PREPROCESSOR_DEFINITIONS = (
					"DEBUG=1",
					"$(inherited)",
				);
				GCC_SYMBOLS_PRIVATE_EXTERN = NO;
				GCC_WARN_ABOUT_RETURN_TYPE = YES;
				GCC_WARN_UNINITIALIZED_AUTOS = YES;
				GCC_WARN_UNUSED_VARIABLE = YES;
				IPHONEOS_DEPLOYMENT_TARGET = 6.1;
				ONLY_ACTIVE_ARCH = YES;
				SDKROOT = iphoneos;
			};
			name = Debug;
		};
		90B509B816B8090900CD9419 /* Release */ = {
			isa = XCBuildConfiguration;
			buildSettings = {
				ALWAYS_SEARCH_USER_PATHS = NO;
				CLANG_CXX_LANGUAGE_STANDARD = "gnu++0x";
				CLANG_CXX_LIBRARY = "libc++";
				CLANG_ENABLE_OBJC_ARC = YES;
				CLANG_WARN_CONSTANT_CONVERSION = YES;
				CLANG_WARN_EMPTY_BODY = YES;
				CLANG_WARN_ENUM_CONVERSION = YES;
				CLANG_WARN_INT_CONVERSION = YES;
				CLANG_WARN__DUPLICATE_METHOD_MATCH = YES;
				"CODE_SIGN_IDENTITY[sdk=iphoneos*]" = "iPhone Developer";
				COPY_PHASE_STRIP = YES;
				GCC_C_LANGUAGE_STANDARD = gnu99;
				GCC_WARN_ABOUT_RETURN_TYPE = YES;
				GCC_WARN_UNINITIALIZED_AUTOS = YES;
				GCC_WARN_UNUSED_VARIABLE = YES;
				IPHONEOS_DEPLOYMENT_TARGET = 6.1;
				OTHER_CFLAGS = "-DNS_BLOCK_ASSERTIONS=1";
				SDKROOT = iphoneos;
				VALIDATE_PRODUCT = YES;
			};
			name = Release;
		};
		90B509BA16B8090900CD9419 /* Debug */ = {
			isa = XCBuildConfiguration;
			buildSettings = {
				GCC_PRECOMPILE_PREFIX_HEADER = YES;
				GCC_PREFIX_HEADER = "Matchismo/Matchismo-Prefix.pch";
				INFOPLIST_FILE = "Matchismo/Matchismo-Info.plist";
				PRODUCT_NAME = "$(TARGET_NAME)";
				WRAPPER_EXTENSION = app;
			};
			name = Debug;
		};
		90B509BB16B8090900CD9419 /* Release */ = {
			isa = XCBuildConfiguration;
			buildSettings = {
				GCC_PRECOMPILE_PREFIX_HEADER = YES;
				GCC_PREFIX_HEADER = "Matchismo/Matchismo-Prefix.pch";
				INFOPLIST_FILE = "Matchismo/Matchismo-Info.plist";
				PRODUCT_NAME = "$(TARGET_NAME)";
				WRAPPER_EXTENSION = app;
			};
			name = Release;
		};
/* End XCBuildConfiguration section */

/* Begin XCConfigurationList section */
		90B5099116B8090900CD9419 /* Build configuration list for PBXProject "Matchismo" */ = {
			isa = XCConfigurationList;
			buildConfigurations = (
				90B509B716B8090900CD9419 /* Debug */,
				90B509B816B8090900CD9419 /* Release */,
			);
			defaultConfigurationIsVisible = 0;
			defaultConfigurationName = Release;
		};
		90B509B916B8090900CD9419 /* Build configuration list for PBXNativeTarget "Matchismo" */ = {
			isa = XCConfigurationList;
			buildConfigurations = (
				90B509BA16B8090900CD9419 /* Debug */,
				90B509BB16B8090900CD9419 /* Release */,
			);
			defaultConfigurationIsVisible = 0;
			defaultConfigurationName = Release;
		};
/* End XCConfigurationList section */
	};
	rootObject = 90B5098E16B8090900CD9419 /* Project object */;
}
